# This file is generated by running "yarn install" inside your project.
# Manual changes might be lost - proceed with caution!

__metadata:
  version: 4
  cacheKey: 8

"@discordjs/builders@npm:^0.5.0":
  version: 0.5.0
  resolution: "@discordjs/builders@npm:0.5.0"
  dependencies:
    "@sindresorhus/is": ^4.0.1
    discord-api-types: ^0.22.0
    ow: ^0.27.0
    ts-mixer: ^6.0.0
    tslib: ^2.3.0
  checksum: 064bd547b63a8cc593b3f8b0e290cb1c27cf335a89addd77aeb078055a92201a6905d0a67919004da0c915d01c0104383c5c06a07df751e4a4e921d7a000f6e3
  languageName: node
  linkType: hard

"@discordjs/builders@npm:^0.6.0":
  version: 0.6.0
  resolution: "@discordjs/builders@npm:0.6.0"
  dependencies:
    "@sindresorhus/is": ^4.0.1
    discord-api-types: ^0.22.0
    ow: ^0.27.0
    ts-mixer: ^6.0.0
    tslib: ^2.3.1
  checksum: a6f1517bc9c55a4156eaea8de25b0f8a064923ba93a366c6ba4ae8724a16b35918121759cb4d9097c76457f2d9f2cc583c39809f5ef5d69e11d607bb0fd1bb39
  languageName: node
  linkType: hard

"@discordjs/collection@npm:^0.1.6":
  version: 0.1.6
  resolution: "@discordjs/collection@npm:0.1.6"
  checksum: a0ddf757098fa01a4d9d5812daf3c2ea88c1297618d346705e603642c2f19656188fbfb3d503ee77f2ee69e7a1c1bfe25932aec032692ee3c338335524886e05
  languageName: node
  linkType: hard

"@discordjs/collection@npm:^0.2.1":
  version: 0.2.1
  resolution: "@discordjs/collection@npm:0.2.1"
  checksum: e68d4bbf83b03bc18c7648d0f5c5669d1f1a394596bc2fcbb907284cff65657b28dbf165a1b8ccae20b6bc0726bc8a0a276d8adba8f9413502bb19d61b98598f
  languageName: node
  linkType: hard

"@discordjs/form-data@npm:^3.0.1":
  version: 3.0.1
  resolution: "@discordjs/form-data@npm:3.0.1"
  dependencies:
    asynckit: ^0.4.0
    combined-stream: ^1.0.8
    mime-types: ^2.1.12
  checksum: 2b431b1a14f8ac521e1c13567856cef7e61e05aafe2721e03d9e074bb7e5f45c89fc123b126964943edf301ec612d04515dcf068ea9773a2e30a99a844c00603
  languageName: node
  linkType: hard

"@discordjs/rest@npm:^0.1.0-canary.0":
  version: 0.1.0-canary.0
  resolution: "@discordjs/rest@npm:0.1.0-canary.0"
  dependencies:
    "@discordjs/collection": ^0.1.6
    "@sapphire/async-queue": ^1.1.4
    "@sapphire/snowflake": ^1.3.5
    abort-controller: ^3.0.0
    discord-api-types: ^0.18.1
    form-data: ^4.0.0
    node-fetch: ^2.6.1
    tslib: ^2.3.0
  checksum: 5588b3636cab192d368cc99f28afb8e0f79dc2d497711b0a4cfe192d1064a19284922b43e73c4f0786028deb329218d24a0d358d62f72eeb703aa32b3d6fb5dc
  languageName: node
  linkType: hard

"@sapphire/async-queue@npm:^1.1.4":
  version: 1.1.4
  resolution: "@sapphire/async-queue@npm:1.1.4"
  checksum: 416a8f3b1de7452b251a650c1b33d5bef829a7b6ef215ad58a0cc04847f247f17ebae1e9424a26f29ec2e36d2f98294e71cdafe20a32612356b4674dd4125ae0
  languageName: node
  linkType: hard

"@sapphire/discord-utilities@npm:^2.1.1, @sapphire/discord-utilities@npm:^2.1.5":
  version: 2.1.5
  resolution: "@sapphire/discord-utilities@npm:2.1.5"
  dependencies:
    twemoji-parser: ^13.1.0
  checksum: 93ef35a146ab8bd5874c059906c012d5b099012efd9fe56e8cb81cd16c21e3eaa84ed7d5377014eaf692783927e4a7d11ae46699a7aa319ae002a911ea0b7e3b
  languageName: node
  linkType: hard

"@sapphire/discord.js-utilities@npm:^1.5.7":
  version: 1.6.0
  resolution: "@sapphire/discord.js-utilities@npm:1.6.0"
  dependencies:
    "@sapphire/discord-utilities": ^2.1.5
  checksum: aee6218e16fadd89265615ac0cd6ec3b90580c4169f9ce3964c4c84c18fbc68fe7ea9d1cf0625bdbafd2469161bd1cc040aa17aa7389feac2728249eef3387ec
  languageName: node
  linkType: hard

"@sapphire/framework@npm:^1.0.2":
  version: 1.0.2
  resolution: "@sapphire/framework@npm:1.0.2"
  dependencies:
    "@sapphire/discord-utilities": ^2.1.1
    "@sapphire/discord.js-utilities": ^1.5.7
    "@sapphire/pieces": ^1.2.5
    "@sapphire/ratelimits": ^1.2.1
    "@sapphire/utilities": ^1.5.1
    lexure: ^0.17.0
    tslib: ^2.2.0
  peerDependencies:
    discord.js: 12.x
  checksum: a9a5d18fe318af62bfeb3b849bf5a4850ec22374e9eecd8e38e1582ce793f55d1fd453537b8f49637b51bf165faaae6e07c02849df8c1c358c5b6747082b41b4
  languageName: node
  linkType: hard

"@sapphire/pieces@npm:^1.2.5":
  version: 1.2.5
  resolution: "@sapphire/pieces@npm:1.2.5"
  dependencies:
    "@discordjs/collection": ^0.1.6
    tslib: ^2.2.0
  checksum: b20252144fe42d8041004514062bff0b6a3fb88e1cae68eb4117c86b0f8e8734239dce8e067a80dc145c5a3200995f9eafc6922e6ba4adcf1c2ab3df959eb755
  languageName: node
  linkType: hard

"@sapphire/ratelimits@npm:^1.2.1":
  version: 1.2.5
  resolution: "@sapphire/ratelimits@npm:1.2.5"
  checksum: 968a20818c1a3ab4983da31b9bdee4fce81a395fe2af591a9147b388cdc6ef33b306bb0210e6877b9647f78d7325dfb496b6628cfd4a35c3b721deafeedeed5b
  languageName: node
  linkType: hard

"@sapphire/snowflake@npm:^1.3.5":
  version: 1.3.6
  resolution: "@sapphire/snowflake@npm:1.3.6"
  checksum: da29c90b2532ac67a65d164f7537e1875bbc5660934a03763b51cb1c8d7e08f45ecf964956414e763a3216b587f1053df7022cc7add13d75e4b8da98e155ab57
  languageName: node
  linkType: hard

"@sapphire/utilities@npm:^1.5.1":
  version: 1.7.0
  resolution: "@sapphire/utilities@npm:1.7.0"
  checksum: fe3584b94afc1ce0df8b9e8c6d82600fc82a1cc6c08af69463a164e612ac6daed83ba81a4ae4d3ea009dd7a89e357c9bf3beca23dc3742f1dc9f5f190da72868
  languageName: node
  linkType: hard

"@sentry/core@npm:6.12.0":
  version: 6.12.0
  resolution: "@sentry/core@npm:6.12.0"
  dependencies:
    "@sentry/hub": 6.12.0
    "@sentry/minimal": 6.12.0
    "@sentry/types": 6.12.0
    "@sentry/utils": 6.12.0
    tslib: ^1.9.3
  checksum: 3e0a2d433dcb9a9620030a1799aec8cb74e110b962b8aa1ec62ac0d6a8613d9443a94e6d70c7d2864ff6cc8d2b79d623e6456e14c572ac7776a18d8a1a1b97b9
  languageName: node
  linkType: hard

"@sentry/hub@npm:6.12.0":
  version: 6.12.0
  resolution: "@sentry/hub@npm:6.12.0"
  dependencies:
    "@sentry/types": 6.12.0
    "@sentry/utils": 6.12.0
    tslib: ^1.9.3
  checksum: 4de66e939a15237c4e1061c3532a1791da32a7d6f53f967849f7dc25e185c8794bea97f6a4a54adce13165127c8e0f718e24409db21861d56b8705f348a80320
  languageName: node
  linkType: hard

"@sentry/minimal@npm:6.12.0":
  version: 6.12.0
  resolution: "@sentry/minimal@npm:6.12.0"
  dependencies:
    "@sentry/hub": 6.12.0
    "@sentry/types": 6.12.0
    tslib: ^1.9.3
  checksum: 896895320cd54a5f8097dc4be32738e67dfa237abd0508d4c71b65db31afe932bfc8115cfdf93bca01313e288ff69143d95f95cd7675183775dd354f77230ef7
  languageName: node
  linkType: hard

"@sentry/node@npm:^6.12.0":
  version: 6.12.0
  resolution: "@sentry/node@npm:6.12.0"
  dependencies:
    "@sentry/core": 6.12.0
    "@sentry/hub": 6.12.0
    "@sentry/tracing": 6.12.0
    "@sentry/types": 6.12.0
    "@sentry/utils": 6.12.0
    cookie: ^0.4.1
    https-proxy-agent: ^5.0.0
    lru_map: ^0.3.3
    tslib: ^1.9.3
  checksum: 13668f69d7f1304992e19832c355f854151c8bc4ab83a5450a51d16bab80c0bd85045cf7a8120306c88960ea0b9a6ccab40db3ed95256f35ca793ef1d2e0502f
  languageName: node
  linkType: hard

"@sentry/tracing@npm:6.12.0, @sentry/tracing@npm:^6.12.0":
  version: 6.12.0
  resolution: "@sentry/tracing@npm:6.12.0"
  dependencies:
    "@sentry/hub": 6.12.0
    "@sentry/minimal": 6.12.0
    "@sentry/types": 6.12.0
    "@sentry/utils": 6.12.0
    tslib: ^1.9.3
  checksum: 9b4b7c8f13932dd6c9e522ba952d068b06d37db4ce8e94f2c644c29499712a82091bf062a2e9ffa002d92cc07942ebd500cf8c7545d3fc4d31018bdcce4c6f6a
  languageName: node
  linkType: hard

"@sentry/types@npm:6.12.0":
  version: 6.12.0
  resolution: "@sentry/types@npm:6.12.0"
  checksum: f70b5d0507a9ee13b22ace5548f2cb1fb2b5defacbbfe12225ac66fed456d59843fa9ef4e72f9f9c21d5f94240d167e0ef0a0ad98f5c39055ab5e354843e179d
  languageName: node
  linkType: hard

"@sentry/utils@npm:6.12.0":
  version: 6.12.0
  resolution: "@sentry/utils@npm:6.12.0"
  dependencies:
    "@sentry/types": 6.12.0
    tslib: ^1.9.3
  checksum: 7573fa4e774c8a1e72434f9805b7751d2ffe6688aff925e0cce0a8d93b921d84ebeff41c71da3c7a92f97b210c383b35a1d2cb023a70c25447c0fde7ff5a80bd
  languageName: node
  linkType: hard

"@sindresorhus/is@npm:^4.0.1":
  version: 4.2.0
  resolution: "@sindresorhus/is@npm:4.2.0"
  checksum: 59040dfb75c2eb6ab76e8c7ac10b7f7f6ba740f0b5ac618a89a8bcdbaf923836a8e998078d59d81f6f13f4b6bbe15bfe1bca962c877edcbe9160d1c100c56fd7
  languageName: node
  linkType: hard

"@types/node@npm:*":
  version: 16.9.2
  resolution: "@types/node@npm:16.9.2"
  checksum: 204aa883bc93a267f43804af8872e538935369ab905d5ca702d2c17a213339f8df974bb95d21e2e714e8f83f669b185d8526f7c4b5d16adbdb5d96d4f2e75fa9
  languageName: node
  linkType: hard

"@types/redis@npm:^2.8.32":
  version: 2.8.32
  resolution: "@types/redis@npm:2.8.32"
  dependencies:
    "@types/node": "*"
  checksum: 2b12103e05977941870c9a248f6ea51f4b7ad7e0f16a7403799c2ed1b3e63b60f693c39f9186be0ea02776934c4595ddcd2a5bde41e530aaad42d26449f6a669
  languageName: node
  linkType: hard

"@types/ws@npm:^7.4.7":
  version: 7.4.7
  resolution: "@types/ws@npm:7.4.7"
  dependencies:
    "@types/node": "*"
  checksum: b4c9b8ad209620c9b21e78314ce4ff07515c0cadab9af101c1651e7bfb992d7fd933bd8b9c99d110738fd6db523ed15f82f29f50b45510288da72e964dedb1a3
  languageName: node
  linkType: hard

"abort-controller@npm:^3.0.0":
  version: 3.0.0
  resolution: "abort-controller@npm:3.0.0"
  dependencies:
    event-target-shim: ^5.0.0
  checksum: 170bdba9b47b7e65906a28c8ce4f38a7a369d78e2271706f020849c1bfe0ee2067d4261df8bbb66eb84f79208fd5b710df759d64191db58cfba7ce8ef9c54b75
  languageName: node
  linkType: hard

"agent-base@npm:6":
  version: 6.0.2
  resolution: "agent-base@npm:6.0.2"
  dependencies:
    debug: 4
  checksum: f52b6872cc96fd5f622071b71ef200e01c7c4c454ee68bc9accca90c98cfb39f2810e3e9aa330435835eedc8c23f4f8a15267f67c6e245d2b33757575bdac49d
  languageName: node
  linkType: hard

"async-redis@npm:^2.0.0":
  version: 2.0.0
  resolution: "async-redis@npm:2.0.0"
  dependencies:
    redis: 3.1.2
  checksum: 0d92d3a8d71948d7507bfbefdfedf3bff44e3557a823e6fb8bfdcd747a0d9559ff26772f88bb4cd7d30abce16aa55d0f5683c3c433bfc0f557377e7600263d9d
  languageName: node
  linkType: hard

"asynckit@npm:^0.4.0":
  version: 0.4.0
  resolution: "asynckit@npm:0.4.0"
  checksum: 7b78c451df768adba04e2d02e63e2d0bf3b07adcd6e42b4cf665cb7ce899bedd344c69a1dcbce355b5f972d597b25aaa1c1742b52cffd9caccb22f348114f6be
  languageName: node
  linkType: hard

"axios@npm:^0.20.0":
  version: 0.20.0
  resolution: "axios@npm:0.20.0"
  dependencies:
    follow-redirects: ^1.10.0
  checksum: aee664d2811822ff64edc94fae328a15d82f0a8a8ca02a17931cb3348b03cd1574314aaf8f895d9949f045238df40491c7315de893649e06abc213a71b3963fa
  languageName: node
  linkType: hard

"boombox@workspace:.":
  version: 0.0.0-use.local
  resolution: "boombox@workspace:."
  dependencies:
    "@discordjs/builders": ^0.6.0
    "@discordjs/rest": ^0.1.0-canary.0
    "@sapphire/framework": ^1.0.2
    "@sentry/node": ^6.12.0
    "@sentry/tracing": ^6.12.0
    "@types/redis": ^2.8.32
    async-redis: ^2.0.0
    discord-api-types: ^0.23.1
    discord.js: ^13.1.0
    erela.js: ^2.3.3
    erela.js-spotify: ^1.2.0
    humanize-duration: ^3.27.0
    husky: ^7.0.2
    node-redis-scan: ^1.3.3
    redis: ^3.1.2
    timestring: ^6.0.0
    typescript: ^4.4.3
  languageName: unknown
  linkType: soft

"callsites@npm:^3.1.0":
  version: 3.1.0
  resolution: "callsites@npm:3.1.0"
  checksum: 072d17b6abb459c2ba96598918b55868af677154bec7e73d222ef95a8fdb9bbf7dae96a8421085cdad8cd190d86653b5b6dc55a4484f2e5b2e27d5e0c3fc15b3
  languageName: node
  linkType: hard

"combined-stream@npm:^1.0.8":
  version: 1.0.8
  resolution: "combined-stream@npm:1.0.8"
  dependencies:
    delayed-stream: ~1.0.0
  checksum: 49fa4aeb4916567e33ea81d088f6584749fc90c7abec76fd516bf1c5aa5c79f3584b5ba3de6b86d26ddd64bae5329c4c7479343250cfe71c75bb366eae53bb7c
  languageName: node
  linkType: hard

"cookie@npm:^0.4.1":
  version: 0.4.1
  resolution: "cookie@npm:0.4.1"
  checksum: bd7c47f5d94ab70ccdfe8210cde7d725880d2fcda06d8e375afbdd82de0c8d3b73541996e9ce57d35f67f672c4ee6d60208adec06b3c5fc94cebb85196084cf8
  languageName: node
  linkType: hard

"debug@npm:4":
  version: 4.3.2
  resolution: "debug@npm:4.3.2"
  dependencies:
    ms: 2.1.2
  peerDependenciesMeta:
    supports-color:
      optional: true
  checksum: 820ea160e267e23c953c9ed87e7ad93494d8cda2f7349af5e7e3bb236d23707ee3022f477d5a7d2ee86ef2bf7d60aa9ab22d1f58080d7deb9dccd073585e1e43
  languageName: node
  linkType: hard

"delayed-stream@npm:~1.0.0":
  version: 1.0.0
  resolution: "delayed-stream@npm:1.0.0"
  checksum: 46fe6e83e2cb1d85ba50bd52803c68be9bd953282fa7096f51fc29edd5d67ff84ff753c51966061e5ba7cb5e47ef6d36a91924eddb7f3f3483b1c560f77a0020
  languageName: node
  linkType: hard

"denque@npm:^1.5.0":
  version: 1.5.1
  resolution: "denque@npm:1.5.1"
  checksum: 4375ad19d5cea99f90effa82a8cecdaa10f4eb261fbcd7e47cd753ff2737f037aac8f7f4e031cc77f3966314c491c86a0d3b20c128aeee57f791b4662c45108e
  languageName: node
  linkType: hard

"discord-api-types@npm:^0.18.1":
  version: 0.18.1
  resolution: "discord-api-types@npm:0.18.1"
  checksum: 05e56e7219492cba3075d6d7750bb84b935ea21fe760b2b6f7bbdc2c896b986e6b725f10645e91242cd8d20a409e6f7d8ac1c77cbd40bd14bc144349b2959939
  languageName: node
  linkType: hard

"discord-api-types@npm:^0.22.0":
  version: 0.22.0
  resolution: "discord-api-types@npm:0.22.0"
  checksum: 673bcd960e394d8a3752bb03d50de44e74d508450e3d2cce947a69e0a6dc43c00196e18245c88dd26f3a8b0a56b40e0dbf52e058b7aabc7ed77f0f018003cb04
  languageName: node
  linkType: hard

"discord-api-types@npm:^0.23.1":
  version: 0.23.1
  resolution: "discord-api-types@npm:0.23.1"
  checksum: e2ea574d51bff9f74770194338ba2b981072c6814a4da4c1e9a6b09b5b6bcf4ecf9044397fd4d2d3bf245f7573f22f1c25ff3f57cfc23ed87dfee4629091c29d
  languageName: node
  linkType: hard

"discord.js@npm:^13.1.0":
  version: 13.1.0
  resolution: "discord.js@npm:13.1.0"
  dependencies:
    "@discordjs/builders": ^0.5.0
    "@discordjs/collection": ^0.2.1
    "@discordjs/form-data": ^3.0.1
    "@sapphire/async-queue": ^1.1.4
    "@types/ws": ^7.4.7
    discord-api-types: ^0.22.0
    node-fetch: ^2.6.1
    ws: ^7.5.1
  checksum: 90f629be6296c89bfa25bd8a2bb486c3e00deb25fd1e0ae931658ee3f58e83fbe5e205180ab795aa39a2614c74d4dc9e8bb5aa0c9b3a7ebdcf03992f18602372
  languageName: node
  linkType: hard

"dot-prop@npm:^6.0.1":
  version: 6.0.1
  resolution: "dot-prop@npm:6.0.1"
  dependencies:
    is-obj: ^2.0.0
  checksum: 0f47600a4b93e1dc37261da4e6909652c008832a5d3684b5bf9a9a0d3f4c67ea949a86dceed9b72f5733ed8e8e6383cc5958df3bbd0799ee317fd181f2ece700
  languageName: node
  linkType: hard

"erela.js-spotify@npm:^1.2.0":
  version: 1.2.0
  resolution: "erela.js-spotify@npm:1.2.0"
  dependencies:
    axios: ^0.20.0
    erela.js: ^2.2.0
  checksum: 1b40f28db99be0133c2816a36640186ddf939435816f6b2db4e82b50019c64b80202c86df4a3f7b68d8e2d8e5b0b64024e5e79e6cf8fa351947fdf5cd145f412
  languageName: node
  linkType: hard

"erela.js@npm:^2.2.0, erela.js@npm:^2.3.3":
  version: 2.3.3
  resolution: "erela.js@npm:2.3.3"
  dependencies:
    "@discordjs/collection": ^0.1.6
    petitio: ^1.1.0
    ws: ^7.3.1
  checksum: a5416cac8613bdb4bd883cbc05d1ceadcf03e4543a3b5eea2f8a199043b8ece94a36b9860788d2a2e1401e506d6455841224c42e89a372f452d4603373f121a2
  languageName: node
  linkType: hard

"event-target-shim@npm:^5.0.0":
  version: 5.0.1
  resolution: "event-target-shim@npm:5.0.1"
  checksum: 1ffe3bb22a6d51bdeb6bf6f7cf97d2ff4a74b017ad12284cc9e6a279e727dc30a5de6bb613e5596ff4dc3e517841339ad09a7eec44266eccb1aa201a30448166
  languageName: node
  linkType: hard

"follow-redirects@npm:^1.10.0":
  version: 1.14.4
  resolution: "follow-redirects@npm:1.14.4"
  peerDependenciesMeta:
    debug:
      optional: true
  checksum: d4ce74cf5c6f363168b97e706b914eb9ffb6bf4d4c6d8f8330b93088d9b90e566611ddbcf0e42c8ed5fd17598dfeda1d19230d3e9d6d6c6b4d1c10ec3a0b99be
  languageName: node
  linkType: hard

"form-data@npm:^4.0.0":
  version: 4.0.0
  resolution: "form-data@npm:4.0.0"
  dependencies:
    asynckit: ^0.4.0
    combined-stream: ^1.0.8
    mime-types: ^2.1.12
  checksum: 01135bf8675f9d5c61ff18e2e2932f719ca4de964e3be90ef4c36aacfc7b9cb2fceb5eca0b7e0190e3383fe51c5b37f4cb80b62ca06a99aaabfcfd6ac7c9328c
  languageName: node
  linkType: hard

"https-proxy-agent@npm:^5.0.0":
  version: 5.0.0
  resolution: "https-proxy-agent@npm:5.0.0"
  dependencies:
    agent-base: 6
    debug: 4
  checksum: 165bfb090bd26d47693597661298006841ab733d0c7383a8cb2f17373387a94c903a3ac687090aa739de05e379ab6f868bae84ab4eac288ad85c328cd1ec9e53
  languageName: node
  linkType: hard

"humanize-duration@npm:^3.27.0":
  version: 3.27.0
  resolution: "humanize-duration@npm:3.27.0"
  checksum: db34111b391056bd0da8d6a3cc965ee52c2de497892c85f16d5559529232924dfabd8f3c4210135fbd12d0cea7da34dade05accc14ef69f2cba758ff4b4bbd3d
  languageName: node
  linkType: hard

"husky@npm:^7.0.2":
  version: 7.0.2
  resolution: "husky@npm:7.0.2"
  bin:
    husky: lib/bin.js
  checksum: 2ccfe6ddc51dc05ae8ea1e2fbb893344e93a813e00c595d6b5f5e704b7b998d6b0e2adda7c57f99b5e46a60dc07c7d860269a2ea91661c6bacef0eca8e0b8e96
  languageName: node
  linkType: hard

"is-obj@npm:^2.0.0":
  version: 2.0.0
  resolution: "is-obj@npm:2.0.0"
  checksum: c9916ac8f4621962a42f5e80e7ffdb1d79a3fab7456ceaeea394cd9e0858d04f985a9ace45be44433bf605673c8be8810540fe4cc7f4266fc7526ced95af5a08
  languageName: node
  linkType: hard

"lexure@npm:^0.17.0":
  version: 0.17.0
  resolution: "lexure@npm:0.17.0"
  checksum: 95797b0ada9452bcdfdd30997572ab1673de1b2583a5af2fa309aa3587ec3b95ba361880b333ed446a6b0f07764b6d8d2cf1d72083c61fa9f96c06181f194453
  languageName: node
  linkType: hard

"lodash.isequal@npm:^4.5.0":
  version: 4.5.0
  resolution: "lodash.isequal@npm:4.5.0"
  checksum: da27515dc5230eb1140ba65ff8de3613649620e8656b19a6270afe4866b7bd461d9ba2ac8a48dcc57f7adac4ee80e1de9f965d89d4d81a0ad52bb3eec2609644
  languageName: node
  linkType: hard

"lru_map@npm:^0.3.3":
  version: 0.3.3
  resolution: "lru_map@npm:0.3.3"
  checksum: ca9dd43c65ed7a4f117c548028101c5b6855e10923ea9d1f635af53ad20c5868ff428c364d454a7b57fe391b89c704982275410c3c5099cca5aeee00d76e169a
  languageName: node
  linkType: hard

"mime-db@npm:1.49.0":
  version: 1.49.0
  resolution: "mime-db@npm:1.49.0"
  checksum: 3744efc45b17896ff8a5934a761c434d5ffe3c7816662002d799ca9934347e00f99ae4d9b4ddf1c48d391cc9e522cc4523a6e77e7701f8e27c426e3e1d6e215a
  languageName: node
  linkType: hard

"mime-types@npm:^2.1.12":
  version: 2.1.32
  resolution: "mime-types@npm:2.1.32"
  dependencies:
    mime-db: 1.49.0
  checksum: 4487dfd2f872126d2c219ec731ad47a6169a438d5a4cce6ecef7594ce08eaefaf0d85429485a76ec005f095016c7ec488a24cf8bfcc0ea06de0355e23395746f
  languageName: node
  linkType: hard

"ms@npm:2.1.2":
  version: 2.1.2
  resolution: "ms@npm:2.1.2"
  checksum: 673cdb2c3133eb050c745908d8ce632ed2c02d85640e2edb3ace856a2266a813b30c613569bf3354fdf4ea7d1a1494add3bfa95e2713baa27d0c2c71fc44f58f
  languageName: node
  linkType: hard

"node-fetch@npm:^2.6.1":
  version: 2.6.2
  resolution: "node-fetch@npm:2.6.2"
  checksum: de367eae1dfbc0e12283c1cf92256ea7fba7eac8655e2e51ebb217727162396fc6cf24689ef9fc6accf075e3991e2ffaa061f7cfaa958215329649b2297ff06d
  languageName: node
  linkType: hard

"node-redis-scan@npm:^1.3.3":
  version: 1.3.3
  resolution: "node-redis-scan@npm:1.3.3"
  checksum: 37b0c6bd1de35885a11dafe0569fdff6cc88ea7bb3edf454f49bf68f9214c5b9e115d5062d2ff44d22425940054fe8a44f766bc6650ede62c7facc1087e586fa
  languageName: node
  linkType: hard

"ow@npm:^0.27.0":
  version: 0.27.0
  resolution: "ow@npm:0.27.0"
  dependencies:
    "@sindresorhus/is": ^4.0.1
    callsites: ^3.1.0
    dot-prop: ^6.0.1
    lodash.isequal: ^4.5.0
    type-fest: ^1.2.1
    vali-date: ^1.0.0
  checksum: bffd6fa43d004163bab9821fae4d2eceee92d70059ba2a5dca1ad7497cd167554224a7efab3d41476112fbab4714afa99b8866506e8b9bad5d690cf967146332
  languageName: node
  linkType: hard

"petitio@npm:^1.1.0":
  version: 1.3.2
  resolution: "petitio@npm:1.3.2"
  checksum: 07a0d590287474ec58f358663ba1e3f962f035d4e882fff7e50e9ea37df5c5f4d67d27db64fb257569b18681d4278b09d53883ec4c735a64eff5df49defb9fcf
  languageName: node
  linkType: hard

"redis-commands@npm:^1.7.0":
  version: 1.7.0
  resolution: "redis-commands@npm:1.7.0"
  checksum: d1ff7fbcb5e54768c77f731f1d49679d2a62c3899522c28addb4e2e5813aea8bcac3f22519d71d330224c3f2937f935dfc3d8dc65e90db0f5fe22dc2c1515aa7
  languageName: node
  linkType: hard

"redis-errors@npm:^1.0.0, redis-errors@npm:^1.2.0":
  version: 1.2.0
  resolution: "redis-errors@npm:1.2.0"
  checksum: f28ac2692113f6f9c222670735aa58aeae413464fd58ccf3fce3f700cae7262606300840c802c64f2b53f19f65993da24dc918afc277e9e33ac1ff09edb394f4
  languageName: node
  linkType: hard

"redis-parser@npm:^3.0.0":
  version: 3.0.0
  resolution: "redis-parser@npm:3.0.0"
  dependencies:
    redis-errors: ^1.0.0
  checksum: 89290ae530332f2ae37577647fa18208d10308a1a6ba750b9d9a093e7398f5e5253f19855b64c98757f7129cccce958e4af2573fdc33bad41405f87f1943459a
  languageName: node
  linkType: hard

"redis@npm:3.1.2, redis@npm:^3.1.2":
  version: 3.1.2
  resolution: "redis@npm:3.1.2"
  dependencies:
    denque: ^1.5.0
    redis-commands: ^1.7.0
    redis-errors: ^1.2.0
    redis-parser: ^3.0.0
  checksum: baec42198626b22d2dfc063b6a6f30394daee994c21f380e58ecf91c3edee333c4e32907c30f082fe66d2177695f7b2567902eef399ecb22da3e199ea6363a30
  languageName: node
  linkType: hard

"timestring@npm:^6.0.0":
  version: 6.0.0
  resolution: "timestring@npm:6.0.0"
  checksum: acf6486dad64802dda462e144d6a7309d04cb7264df7db75856a6b1ecf7e5f13b6db54336902f051742ccb2926ba2cf405f3ce5ab9eb00fc8234f063ccef3e04
  languageName: node
  linkType: hard

"ts-mixer@npm:^6.0.0":
  version: 6.0.0
  resolution: "ts-mixer@npm:6.0.0"
  checksum: 791a513c9ca318a979928f5265fd6029858fa21595153a9386063c11239a6b1c352db1e277c19f0544d017a67cf78d120a7438b86b2c828b1115eb607538eff8
  languageName: node
  linkType: hard

"tslib@npm:^1.9.3":
  version: 1.14.1
  resolution: "tslib@npm:1.14.1"
  checksum: dbe628ef87f66691d5d2959b3e41b9ca0045c3ee3c7c7b906cc1e328b39f199bb1ad9e671c39025bd56122ac57dfbf7385a94843b1cc07c60a4db74795829acd
  languageName: node
  linkType: hard

"tslib@npm:^2.2.0, tslib@npm:^2.3.0, tslib@npm:^2.3.1":
  version: 2.3.1
  resolution: "tslib@npm:2.3.1"
  checksum: de17a98d4614481f7fcb5cd53ffc1aaf8654313be0291e1bfaee4b4bb31a20494b7d218ff2e15017883e8ea9626599b3b0e0229c18383ba9dce89da2adf15cb9
  languageName: node
  linkType: hard

"twemoji-parser@npm:^13.1.0":
  version: 13.1.0
  resolution: "twemoji-parser@npm:13.1.0"
  checksum: 8046ce003c03dd92d68c2648cfbfa39c659fca4f05c10da8d14957985dc3c0c680f3ecf2de8245dc1ddffedc5b2a675f2032053e1e77cc7474301a88fe192ad3
  languageName: node
  linkType: hard

"type-fest@npm:^1.2.1":
  version: 1.4.0
  resolution: "type-fest@npm:1.4.0"
  checksum: b011c3388665b097ae6a109a437a04d6f61d81b7357f74cbcb02246f2f5bd72b888ae33631b99871388122ba0a87f4ff1c94078e7119ff22c70e52c0ff828201
  languageName: node
  linkType: hard

typescript@^4.4.3:
  version: 4.4.3
  resolution: "typescript@npm:4.4.3"
  bin:
    tsc: bin/tsc
    tsserver: bin/tsserver
  checksum: 05823f21796d450531a7e4ab299715d38fd9ded0e4ce7400876053f4b5166ca3dde7a68cecfe72d9086039f03c0b6edba36516fb10ed83c5837d9600532ea4c2
  languageName: node
  linkType: hard

"typescript@patch:typescript@^4.4.3#~builtin<compat/typescript>":
  version: 4.4.3
  resolution: "typescript@patch:typescript@npm%3A4.4.3#~builtin<compat/typescript>::version=4.4.3&hash=32657b"
  bin:
    tsc: bin/tsc
    tsserver: bin/tsserver
  checksum: 28ab98313afab46788ff41014fdb5932430ada6e03cf9e92ac47f406526a2cac1ae2894834e7da61e46b7429318e9c47f45ba8de323332f0cb9af99b72ebae74
  languageName: node
  linkType: hard

"vali-date@npm:^1.0.0":
  version: 1.0.0
  resolution: "vali-date@npm:1.0.0"
  checksum: 6464369cb77003a966591f2bd17b7c938c480956992e254b3455fd1651a3b7633e23aac8a03b974bbdfbd2357da52b98d46357bb6f292ffd28768a6d3959e61e
  languageName: node
  linkType: hard

"ws@npm:^7.3.1, ws@npm:^7.5.1":
  version: 7.5.5
  resolution: "ws@npm:7.5.5"
  peerDependencies:
    bufferutil: ^4.0.1
    utf-8-validate: ^5.0.2
  peerDependenciesMeta:
    bufferutil:
      optional: true
    utf-8-validate:
      optional: true
  checksum: bd2b437256012af526c69c03d6670a132e7ab0fe5853f3b7092826acea4203fad4ee2a8d0d9bd44834b2b968e747bf34f753ab535f4a3edf40d262da4b1d0805
  languageName: node
  linkType: hard
